{
  "version": 4,
  "terraform_version": "0.14.8",
  "serial": 11,
  "lineage": "37e23067-8e1e-f2dd-e4f4-959e708996a9",
  "outputs": {},
  "resources": [
    {
      "mode": "data",
      "type": "archive_file",
      "name": "zipped_code",
      "provider": "provider[\"registry.terraform.io/hashicorp/archive\"]",
      "instances": [
        {
          "schema_version": 0,
          "attributes": {
            "exclude_symlink_directories": null,
            "excludes": null,
            "id": "51ed7f4f29fd677bacfab3532051c629912ae737",
            "output_base64sha256": "BM5uNfLgFThBM+HGUtE+WIgm2GPjpl6TmsWqoCt0A8I=",
            "output_base64sha512": "tVyQp2y6HP3NrjNQu9Ekhvs86OQdtWDRTCQioiVc8upoUqky3Jq5A5qTABTGINljS6lRFzSQM+nQb0lNMnkO9Q==",
            "output_file_mode": null,
            "output_md5": "85423bd5f290c41816196e7d0df7c82b",
            "output_path": "code/hello-python.zip",
            "output_sha": "51ed7f4f29fd677bacfab3532051c629912ae737",
            "output_sha256": "04ce6e35f2e015384133e1c652d13e588826d863e3a65e939ac5aaa02b7403c2",
            "output_sha512": "b55c90a76cba1cfdcdae3350bbd12486fb3ce8e41db560d14c2422a2255cf2ea6852a932dc9ab9039a930014c620d9634ba95117349033e9d06f494d32790ef5",
            "output_size": 566,
            "source": [],
            "source_content": null,
            "source_content_filename": null,
            "source_dir": "code/",
            "source_file": null,
            "type": "zip"
          },
          "sensitive_attributes": []
        }
      ]
    },
    {
      "mode": "data",
      "type": "aws_iam_policy_document",
      "name": "assume_role",
      "provider": "provider[\"registry.terraform.io/hashicorp/aws\"]",
      "instances": [
        {
          "schema_version": 0,
          "attributes": {
            "id": "2690255455",
            "json": "{\n  \"Version\": \"2012-10-17\",\n  \"Statement\": [\n    {\n      \"Effect\": \"Allow\",\n      \"Action\": \"sts:AssumeRole\",\n      \"Principal\": {\n        \"Service\": \"lambda.amazonaws.com\"\n      }\n    }\n  ]\n}",
            "override_policy_documents": null,
            "policy_id": null,
            "source_policy_documents": null,
            "statement": [
              {
                "actions": [
                  "sts:AssumeRole"
                ],
                "condition": [],
                "effect": "Allow",
                "not_actions": [],
                "not_principals": [],
                "not_resources": [],
                "principals": [
                  {
                    "identifiers": [
                      "lambda.amazonaws.com"
                    ],
                    "type": "Service"
                  }
                ],
                "resources": [],
                "sid": ""
              }
            ],
            "version": "2012-10-17"
          },
          "sensitive_attributes": []
        }
      ]
    },
    {
      "mode": "managed",
      "type": "aws_iam_policy",
      "name": "lambda_policy",
      "provider": "provider[\"registry.terraform.io/hashicorp/aws\"]",
      "instances": [
        {
          "schema_version": 0,
          "attributes": {
            "arn": "arn:aws:iam::398845475087:policy/test_lambda_policy",
            "description": "AWS IAM Policy for managing aws lambda role",
            "id": "arn:aws:iam::398845475087:policy/test_lambda_policy",
            "name": "test_lambda_policy",
            "name_prefix": "",
            "path": "/",
            "policy": "{\"Statement\":[{\"Action\":[\"logs:CreateLogGroup\",\"logs:CreateLogStream\",\"logs:PutLogEvents\"],\"Effect\":\"Allow\",\"Resource\":[\"arn:aws:logs:*:*:*\"]},{\"Action\":[\"ec2:CreateNetworkInterface\",\"ec2:DescribeNetworkInterfaces\",\"ec2:DeleteNetworkInterface\"],\"Effect\":\"Allow\",\"Resource\":[\"*\"]}],\"Version\":\"2012-10-17\"}",
            "policy_id": "ANPAVZXIK7EH7FSCKUY6D",
            "tags": {},
            "tags_all": {}
          },
          "sensitive_attributes": [],
          "private": "bnVsbA=="
        }
      ]
    },
    {
      "mode": "managed",
      "type": "aws_iam_role",
      "name": "lambda_role_execution",
      "provider": "provider[\"registry.terraform.io/hashicorp/aws\"]",
      "instances": [
        {
          "schema_version": 0,
          "attributes": {
            "arn": "arn:aws:iam::398845475087:role/uploadFile_s3",
            "assume_role_policy": "{\"Statement\":[{\"Action\":\"sts:AssumeRole\",\"Effect\":\"Allow\",\"Principal\":{\"Service\":\"lambda.amazonaws.com\"}}],\"Version\":\"2012-10-17\"}",
            "create_date": "2024-01-30T18:36:50Z",
            "description": "",
            "force_detach_policies": false,
            "id": "uploadFile_s3",
            "inline_policy": [],
            "managed_policy_arns": [
              "arn:aws:iam::398845475087:policy/test_lambda_policy"
            ],
            "max_session_duration": 3600,
            "name": "uploadFile_s3",
            "name_prefix": "",
            "path": "/",
            "permissions_boundary": "",
            "tags": {},
            "tags_all": {},
            "unique_id": "AROAVZXIK7EHZPEJDDQ4W"
          },
          "sensitive_attributes": [],
          "private": "bnVsbA==",
          "dependencies": [
            "data.aws_iam_policy_document.assume_role"
          ]
        }
      ]
    },
    {
      "mode": "managed",
      "type": "aws_iam_role_policy_attachment",
      "name": "attach_iam_policy_to_iam_role",
      "provider": "provider[\"registry.terraform.io/hashicorp/aws\"]",
      "instances": [
        {
          "schema_version": 0,
          "attributes": {
            "id": "uploadFile_s3-20240201170625921800000001",
            "policy_arn": "arn:aws:iam::398845475087:policy/test_lambda_policy",
            "role": "uploadFile_s3"
          },
          "sensitive_attributes": [],
          "private": "bnVsbA==",
          "dependencies": [
            "aws_iam_policy.lambda_policy",
            "aws_iam_role.lambda_role_execution",
            "data.aws_iam_policy_document.assume_role"
          ]
        }
      ]
    },
    {
      "mode": "managed",
      "type": "aws_lambda_function",
      "name": "terraform_lambda_func",
      "provider": "provider[\"registry.terraform.io/hashicorp/aws\"]",
      "instances": [
        {
          "schema_version": 0,
          "attributes": {
            "architectures": [
              "x86_64"
            ],
            "arn": "arn:aws:lambda:us-west-1:398845475087:function:uploadFile_s3_vol_1",
            "code_signing_config_arn": "",
            "dead_letter_config": [],
            "description": "",
            "environment": [],
            "ephemeral_storage": [
              {
                "size": 512
              }
            ],
            "file_system_config": [],
            "filename": "./code/hello-python.zip",
            "function_name": "uploadFile_s3_vol_1",
            "handler": "index.lambda_handler",
            "id": "uploadFile_s3_vol_1",
            "image_config": [],
            "image_uri": "",
            "invoke_arn": "arn:aws:apigateway:us-west-1:lambda:path/2015-03-31/functions/arn:aws:lambda:us-west-1:398845475087:function:uploadFile_s3_vol_1/invocations",
            "kms_key_arn": "",
            "last_modified": "2024-02-01T17:08:56.664+0000",
            "layers": null,
            "logging_config": [
              {
                "application_log_level": "",
                "log_format": "Text",
                "log_group": "/aws/lambda/uploadFile_s3_vol_1",
                "system_log_level": ""
              }
            ],
            "memory_size": 128,
            "package_type": "Zip",
            "publish": false,
            "qualified_arn": "arn:aws:lambda:us-west-1:398845475087:function:uploadFile_s3_vol_1:$LATEST",
            "qualified_invoke_arn": "arn:aws:apigateway:us-west-1:lambda:path/2015-03-31/functions/arn:aws:lambda:us-west-1:398845475087:function:uploadFile_s3_vol_1:$LATEST/invocations",
            "replace_security_groups_on_destroy": null,
            "replacement_security_group_ids": null,
            "reserved_concurrent_executions": -1,
            "role": "arn:aws:iam::398845475087:role/uploadFile_s3",
            "runtime": "python3.10",
            "s3_bucket": null,
            "s3_key": null,
            "s3_object_version": null,
            "signing_job_arn": "",
            "signing_profile_version_arn": "",
            "skip_destroy": false,
            "snap_start": [],
            "source_code_hash": "BM5uNfLgFThBM+HGUtE+WIgm2GPjpl6TmsWqoCt0A8I=",
            "source_code_size": 566,
            "tags": null,
            "tags_all": {},
            "timeout": 3,
            "timeouts": null,
            "tracing_config": [
              {
                "mode": "PassThrough"
              }
            ],
            "version": "$LATEST",
            "vpc_config": []
          },
          "sensitive_attributes": [],
          "private": "eyJlMmJmYjczMC1lY2FhLTExZTYtOGY4OC0zNDM2M2JjN2M0YzAiOnsiY3JlYXRlIjo2MDAwMDAwMDAwMDAsImRlbGV0ZSI6NjAwMDAwMDAwMDAwLCJ1cGRhdGUiOjYwMDAwMDAwMDAwMH19",
          "dependencies": [
            "aws_iam_role.lambda_role_execution"
          ]
        }
      ]
    }
  ]
}
